[metadata]
lock_version = 1
declaration_hash_version = 1
declaration_hash = "sha256:4eea7695ff916faefa252f5f8ac11e3f8eaeed4ad4f1196d7f0982465de99e4f"
generated_by = "grim 0.14.3"
generated_at = "2026-10-10T10:37:31Z"

[[plugin]]
name = "grim-essentials"
declaration_hash = "sha256:0cc77651875570e464c7ef94d78bf117372913ebf28697a689c279c82cdde1a0"

[[plugin]]
name = "hex"
declaration_hash = "sha256:197b2d9fa95bfd640a596795b7486fd7a26ce054da8a545cae2b4e28617f963e"

[[skill]]
name = "ai-config-authoring"
plugin = "grim-essentials"
pinned = "ghcr.io/grimoire-rs/skills/ai-config-authoring@sha256:c4be5802899fb86e0aa28b487c5dd9ec52f10335c189a9e6bdacf45087221aab"
bundle = "ghcr.io/grimoire-rs/bundles/grim-essentials"
bundle_tag = "0"

[[skill]]
name = "grim-authoring"
plugin = "grim-essentials"
pinned = "ghcr.io/grimoire-rs/skills/grim-authoring@sha256:b80878be6e843b7dd0961c93ffb23b316f199a1f35b9bddb92c8ca3e4140edcd"
bundle = "ghcr.io/grimoire-rs/bundles/grim-essentials"
bundle_tag = "0"

[[skill]]
name = "grim-usage"
plugin = "grim-essentials"
pinned = "ghcr.io/grimoire-rs/skills/grim-usage@sha256:f206960bbd3301031977e9e7d5a97c3fbd283c2d3687a93d33c079de8aa41212"
bundle = "ghcr.io/grimoire-rs/bundles/grim-essentials"
bundle_tag = "0"

[[skill]]
name = "hex-architect"
plugin = "hex"
pinned = "ghcr.io/michael-herwig/arcana/hex-architect@sha256:fe82336b75b7ec77723f95c4280791c166e0a4c5b998c80ec6f5309794ef2bfa"
bundle = "ghcr.io/michael-herwig/arcana/hex"
bundle_tag = "0"

[[skill]]
name = "hex-core"
plugin = "hex"
pinned = "ghcr.io/michael-herwig/arcana/hex-core@sha256:64bedd5231c6d5c40bdae408861b53224128e2fec8d761d53e67f019b5fb2c39"
bundle = "ghcr.io/michael-herwig/arcana/hex"
bundle_tag = "0"

[[skill]]
name = "hex-discuss"
plugin = "hex"
pinned = "ghcr.io/michael-herwig/arcana/hex-discuss@sha256:b0e014bb782defe9ef3d3cf24836bd6d37ba06de756cc369cc6a9c4d158584ed"
bundle = "ghcr.io/michael-herwig/arcana/hex"
bundle_tag = "0"

[[skill]]
name = "hex-execute"
plugin = "hex"
pinned = "ghcr.io/michael-herwig/arcana/hex-execute@sha256:b74c31371e0861a500b15b48b2f80733477ac454b449967d816b19a9ddbe01c2"
bundle = "ghcr.io/michael-herwig/arcana/hex"
bundle_tag = "0"

[[skill]]
name = "hex-finalize"
plugin = "hex"
pinned = "ghcr.io/michael-herwig/arcana/hex-finalize@sha256:d2522bd7ec97a6dc8775f1bcdc5c7ad1134df5d89732a5d174d0edc82378fb21"
bundle = "ghcr.io/michael-herwig/arcana/hex"
bundle_tag = "0"

[[skill]]
name = "hex-init"
plugin = "hex"
pinned = "ghcr.io/michael-herwig/arcana/hex-init@sha256:1a5635f72309ae4f19ff141440fe29dca59ef924333182de723474a7a157d46b"
bundle = "ghcr.io/michael-herwig/arcana/hex"
bundle_tag = "0"

[[skill]]
name = "hex-loop"
plugin = "hex"
pinned = "ghcr.io/michael-herwig/arcana/hex-loop@sha256:59ccc12245adfa8e0f7531ae3edb819acefeda012f8f37b2c8e8df4402b3ff7f"
bundle = "ghcr.io/michael-herwig/arcana/hex"
bundle_tag = "0"

[[skill]]
name = "hex-plan"
plugin = "hex"
pinned = "ghcr.io/michael-herwig/arcana/hex-plan@sha256:e594ea45774a01d1cf0e7e09822ebde72bab7000dcbdc5ec53652e2a2b839684"
bundle = "ghcr.io/michael-herwig/arcana/hex"
bundle_tag = "0"

[[skill]]
name = "hex-retro"
plugin = "hex"
pinned = "ghcr.io/michael-herwig/arcana/hex-retro@sha256:963b6d3a969afc311d4283ea11ea6a8c31ef56a20a45f5c5cb14101cc223ae88"
bundle = "ghcr.io/michael-herwig/arcana/hex"
bundle_tag = "0"

[[skill]]
name = "hex-review"
plugin = "hex"
pinned = "ghcr.io/michael-herwig/arcana/hex-review@sha256:843ba7b434ad2a1d9cc7935b219b79286ce0767c7e1f2d6f95b324bb1acce536"
bundle = "ghcr.io/michael-herwig/arcana/hex"
bundle_tag = "0"

[[rule]]
name = "hex-state"
plugin = "hex"
pinned = "ghcr.io/michael-herwig/arcana/hex-state@sha256:c06128ffd9ea8af07de24f950d351b9fb04358748cc0c3be522be03d8489a52f"
bundle = "ghcr.io/michael-herwig/arcana/hex"
bundle_tag = "0"
