[metadata]
lock_version = 1
declaration_hash_version = 1
declaration_hash = "sha256:4eea7695ff916faefa252f5f8ac11e3f8eaeed4ad4f1196d7f0982465de99e4f"
generated_by = "grim 0.14.3"
generated_at = "2026-09-29T03:35:28Z"

[[plugin]]
name = "grim-essentials"
declaration_hash = "sha256:0cc77651875570e464c7ef94d78bf117372913ebf28697a689c279c82cdde1a0"

[[plugin]]
name = "hex"
declaration_hash = "sha256:197b2d9fa95bfd640a596795b7486fd7a26ce054da8a545cae2b4e28617f963e"

[[skill]]
name = "ai-config-authoring"
plugin = "grim-essentials"
pinned = "ghcr.io/grimoire-rs/skills/ai-config-authoring@sha256:c4be5802899fb86e0aa28b487c5dd9ec52f10335c189a9e6bdacf45087221aab"
bundle = "ghcr.io/grimoire-rs/bundles/grim-essentials"
bundle_tag = "0"

[[skill]]
name = "grim-authoring"
plugin = "grim-essentials"
pinned = "ghcr.io/grimoire-rs/skills/grim-authoring@sha256:b80878be6e843b7dd0961c93ffb23b316f199a1f35b9bddb92c8ca3e4140edcd"
bundle = "ghcr.io/grimoire-rs/bundles/grim-essentials"
bundle_tag = "0"

[[skill]]
name = "grim-usage"
plugin = "grim-essentials"
pinned = "ghcr.io/grimoire-rs/skills/grim-usage@sha256:f206960bbd3301031977e9e7d5a97c3fbd283c2d3687a93d33c079de8aa41212"
bundle = "ghcr.io/grimoire-rs/bundles/grim-essentials"
bundle_tag = "0"

[[skill]]
name = "hex-architect"
plugin = "hex"
pinned = "ghcr.io/michael-herwig/arcana/hex-architect@sha256:3863ee5d4fa1f81552e80bff35478426745b0b6a778868c2fef7870347132120"
bundle = "ghcr.io/michael-herwig/arcana/hex"
bundle_tag = "0"

[[skill]]
name = "hex-core"
plugin = "hex"
pinned = "ghcr.io/michael-herwig/arcana/hex-core@sha256:3a566087c46123e6bd35e81885df4901148040386bd12ccdd6175b9ce8454863"
bundle = "ghcr.io/michael-herwig/arcana/hex"
bundle_tag = "0"

[[skill]]
name = "hex-discuss"
plugin = "hex"
pinned = "ghcr.io/michael-herwig/arcana/hex-discuss@sha256:9b9831fe2a5f6ce0056287769a94f4ee2276a1a5785cad6297b73796ecd8a8b0"
bundle = "ghcr.io/michael-herwig/arcana/hex"
bundle_tag = "0"

[[skill]]
name = "hex-execute"
plugin = "hex"
pinned = "ghcr.io/michael-herwig/arcana/hex-execute@sha256:3fe60f56dec0be1646ab10d76bf222dc51b0ddcf413ba09314e3f80deec21fcd"
bundle = "ghcr.io/michael-herwig/arcana/hex"
bundle_tag = "0"

[[skill]]
name = "hex-finalize"
plugin = "hex"
pinned = "ghcr.io/michael-herwig/arcana/hex-finalize@sha256:bfa652655daf2fa13fd6ce02b1c69d9aa230920c6b100182283751e4d16e39d8"
bundle = "ghcr.io/michael-herwig/arcana/hex"
bundle_tag = "0"

[[skill]]
name = "hex-init"
plugin = "hex"
pinned = "ghcr.io/michael-herwig/arcana/hex-init@sha256:a6b80ead357bdddb8e49dfb2262199d89877ecdd6f8f3ef1c3befac6d1f69afb"
bundle = "ghcr.io/michael-herwig/arcana/hex"
bundle_tag = "0"

[[skill]]
name = "hex-loop"
plugin = "hex"
pinned = "ghcr.io/michael-herwig/arcana/hex-loop@sha256:e3b7b8d87cbf535ae61e46f93067895dc07d081e27189531f2ea547b1b5ea502"
bundle = "ghcr.io/michael-herwig/arcana/hex"
bundle_tag = "0"

[[skill]]
name = "hex-plan"
plugin = "hex"
pinned = "ghcr.io/michael-herwig/arcana/hex-plan@sha256:1ac257e1ed69ee077b1da175f1a9502e071507ce9a8b103c41750467f9c4214c"
bundle = "ghcr.io/michael-herwig/arcana/hex"
bundle_tag = "0"

[[skill]]
name = "hex-retro"
plugin = "hex"
pinned = "ghcr.io/michael-herwig/arcana/hex-retro@sha256:0b8ca30ea30b972f9c353d2ac4334281d03920b2f5d2f892cca4615bec92fa08"
bundle = "ghcr.io/michael-herwig/arcana/hex"
bundle_tag = "0"

[[skill]]
name = "hex-review"
plugin = "hex"
pinned = "ghcr.io/michael-herwig/arcana/hex-review@sha256:508a08f474b28a9a3f7c02c65ab012eeabdfb57cbd4e10f57e8f99b0e8587c1a"
bundle = "ghcr.io/michael-herwig/arcana/hex"
bundle_tag = "0"

[[rule]]
name = "hex-state"
plugin = "hex"
pinned = "ghcr.io/michael-herwig/arcana/hex-state@sha256:cfe8ddfa6b23b29211de2f67ab1baa8951fcb2a463894f4899f37259a07caf03"
bundle = "ghcr.io/michael-herwig/arcana/hex"
bundle_tag = "0"
